
Microsoft Visual Studio Solution File, Format Version 12.00
# Visual Studio Version 16
VisualStudioVersion = 16.0.31019.35
MinimumVisualStudioVersion = 10.0.40219.1
Project("{8BC9CEB8-8B4A-11D0-8D11-00A0C91BC942}") = "Project7pt4", "Project7pt4\Project7pt4.vcxproj", "{EC0CF1C6-A3F7-4F7D-8F9C-54C989F4FB27}"
EndProject
Global
	GlobalSection(SolutionConfigurationPlatforms) = preSolution
		Debug|x64 = Debug|x64
		Debug|x86 = Debug|x86
		Release|x64 = Release|x64
		Release|x86 = Release|x86
	EndGlobalSection
	GlobalSection(ProjectConfigurationPlatforms) = postSolution
		{EC0CF1C6-A3F7-4F7D-8F9C-54C989F4FB27}.Debug|x64.ActiveCfg = Debug|x64
		{EC0CF1C6-A3F7-4F7D-8F9C-54C989F4FB27}.Debug|x64.Build.0 = Debug|x64
		{EC0CF1C6-A3F7-4F7D-8F9C-54C989F4FB27}.Debug|x86.ActiveCfg = Debug|Win32
		{EC0CF1C6-A3F7-4F7D-8F9C-54C989F4FB27}.Debug|x86.Build.0 = Debug|Win32
		{EC0CF1C6-A3F7-4F7D-8F9C-54C989F4FB27}.Release|x64.ActiveCfg = Release|x64
		{EC0CF1C6-A3F7-4F7D-8F9C-54C989F4FB27}.Release|x64.Build.0 = Release|x64
		{EC0CF1C6-A3F7-4F7D-8F9C-54C989F4FB27}.Release|x86.ActiveCfg = Release|Win32
		{EC0CF1C6-A3F7-4F7D-8F9C-54C989F4FB27}.Release|x86.Build.0 = Release|Win32
	EndGlobalSection
	GlobalSection(SolutionProperties) = preSolution
		HideSolutionNode = FALSE
	EndGlobalSection
	GlobalSection(ExtensibilityGlobals) = postSolution
		SolutionGuid = {CAB96A90-5F0D-4668-8B5D-DFEF9D4FE23C}
	EndGlobalSection
EndGlobal
